
Microsoft Visual Studio Solution File, Format Version 12.00
# Visual Studio Version 17
VisualStudioVersion = 17.0.31903.59
MinimumVisualStudioVersion = 10.0.40219.1
Project("{9A19103F-16F7-4668-BE54-9A1E7A4F7556}") = "SendNotification", "SendNotification\SendNotification.csproj", "{0D7D7897-88EF-473A-BC1C-D6E9E2DAC453}"
EndProject
Project("{9A19103F-16F7-4668-BE54-9A1E7A4F7556}") = "SendNotification.Test", "SendNotification.Test\SendNotification.Test.csproj", "{7703BB23-82BE-4FAD-8D4F-4550EF00E9A2}"
EndProject
Global
	GlobalSection(SolutionConfigurationPlatforms) = preSolution
		Debug|Any CPU = Debug|Any CPU
		Release|Any CPU = Release|Any CPU
	EndGlobalSection
	GlobalSection(ProjectConfigurationPlatforms) = postSolution
		{0D7D7897-88EF-473A-BC1C-D6E9E2DAC453}.Debug|Any CPU.ActiveCfg = Debug|Any CPU
		{0D7D7897-88EF-473A-BC1C-D6E9E2DAC453}.Debug|Any CPU.Build.0 = Debug|Any CPU
		{0D7D7897-88EF-473A-BC1C-D6E9E2DAC453}.Release|Any CPU.ActiveCfg = Release|Any CPU
		{0D7D7897-88EF-473A-BC1C-D6E9E2DAC453}.Release|Any CPU.Build.0 = Release|Any CPU
		{7703BB23-82BE-4FAD-8D4F-4550EF00E9A2}.Debug|Any CPU.ActiveCfg = Debug|Any CPU
		{7703BB23-82BE-4FAD-8D4F-4550EF00E9A2}.Debug|Any CPU.Build.0 = Debug|Any CPU
		{7703BB23-82BE-4FAD-8D4F-4550EF00E9A2}.Release|Any CPU.ActiveCfg = Release|Any CPU
		{7703BB23-82BE-4FAD-8D4F-4550EF00E9A2}.Release|Any CPU.Build.0 = Release|Any CPU
	EndGlobalSection
	GlobalSection(SolutionProperties) = preSolution
		HideSolutionNode = FALSE
	EndGlobalSection
	GlobalSection(ExtensibilityGlobals) = postSolution
		SolutionGuid = {251912D2-F5EB-4648-93A3-C4F0F328186D}
	EndGlobalSection
EndGlobal
